# This file is automatically @generated by Cargo.
# It is not intended for manual editing.
version = 4

[[package]]
name = "rwkv"
version = "0.1.0"

[[package]]
name = "rwkv-agent"
version = "0.1.0"

[[package]]
name = "rwkv-bench"
version = "0.1.0"

[[package]]
name = "rwkv-data"
version = "0.1.0"

[[package]]
name = "rwkv-derive"
version = "0.1.0"

[[package]]
name = "rwkv-eval"
version = "0.1.0"

[[package]]
name = "rwkv-export"
version = "0.1.0"

[[package]]
name = "rwkv-infer"
version = "0.1.0"

[[package]]
name = "rwkv-prompt"
version = "0.1.0"

[[package]]
name = "rwkv-trace"
version = "0.1.0"

[[package]]
name = "rwkv-train-cli"
version = "0.1.0"
